
Microsoft Visual Studio Solution File, Format Version 12.00
# Visual Studio 15
VisualStudioVersion = 15.0.28307.438
MinimumVisualStudioVersion = 10.0.40219.1
Project("{FAE04EC0-301F-11D3-BF4B-00C04F79EFBC}") = "MercuryUI", "MercuryUI\MercuryUI.csproj", "{37A6BD45-1CBB-44F7-85B0-9F7FF7983284}"
EndProject
Project("{FAE04EC0-301F-11D3-BF4B-00C04F79EFBC}") = "Mercury", "..\Mercury\Mercury\Mercury.csproj", "{C3C82E8E-B658-4E88-9104-05220353CC43}"
EndProject
Global
	GlobalSection(SolutionConfigurationPlatforms) = preSolution
		Debug|Any CPU = Debug|Any CPU
		Release|Any CPU = Release|Any CPU
	EndGlobalSection
	GlobalSection(ProjectConfigurationPlatforms) = postSolution
		{37A6BD45-1CBB-44F7-85B0-9F7FF7983284}.Debug|Any CPU.ActiveCfg = Debug|Any CPU
		{37A6BD45-1CBB-44F7-85B0-9F7FF7983284}.Debug|Any CPU.Build.0 = Debug|Any CPU
		{37A6BD45-1CBB-44F7-85B0-9F7FF7983284}.Release|Any CPU.ActiveCfg = Release|Any CPU
		{37A6BD45-1CBB-44F7-85B0-9F7FF7983284}.Release|Any CPU.Build.0 = Release|Any CPU
		{C3C82E8E-B658-4E88-9104-05220353CC43}.Debug|Any CPU.ActiveCfg = Debug|Any CPU
		{C3C82E8E-B658-4E88-9104-05220353CC43}.Debug|Any CPU.Build.0 = Debug|Any CPU
		{C3C82E8E-B658-4E88-9104-05220353CC43}.Release|Any CPU.ActiveCfg = Release|Any CPU
		{C3C82E8E-B658-4E88-9104-05220353CC43}.Release|Any CPU.Build.0 = Release|Any CPU
	EndGlobalSection
	GlobalSection(SolutionProperties) = preSolution
		HideSolutionNode = FALSE
	EndGlobalSection
	GlobalSection(ExtensibilityGlobals) = postSolution
		SolutionGuid = {9B17FC91-2BA9-48B8-9B5B-355853C3C8B1}
	EndGlobalSection
EndGlobal
